{
  "sha": "6ef716553a56267bb3eb743ece483db8aa94cecb",
  "sources": {
    "java_demo": {
      "locked_version": "0.1.0",
      "constraint": "= 0.1.0"
    },
    "apt": {
      "locked_version": "1.9.2",
      "constraint": "~> 1.9.2"
    },
    "tomcat": {
      "locked_version": "0.12.0",
      "constraint": "~> 0.12.0"
    },
    "java": {
      "locked_version": "1.9.2"
    },
    "windows": {
      "locked_version": "1.7.0"
    },
    "chef_handler": {
      "locked_version": "1.1.2"
    },
    "mysql": {
      "locked_version": "3.0.0",
      "constraint": "~> 3.0.0"
    },
    "openssl": {
      "locked_version": "1.0.0"
    },
    "build-essential": {
      "locked_version": "1.3.2"
    },
    "database": {
      "locked_version": "1.3.12",
      "constraint": "~> 1.3.12"
    },
    "postgresql": {
      "locked_version": "2.1.0",
      "constraint": ">= 1.0.0"
    },
    "aws": {
      "locked_version": "0.100.6"
    },
    "xfs": {
      "locked_version": "1.1.0"
    },
    "application": {
      "locked_version": "2.0.2",
      "constraint": "~> 2.0.2"
    },
    "application_java": {
      "locked_version": "1.1.0",
      "constraint": "~> 1.1.0"
    }
  }
}
